version = 1
requires-python = ">=3.8, <4"
resolution-markers = [
    "python_full_version >= '3.10'",
    "python_full_version < '3.10'",
]

[[package]]
name = "asgiref"
version = "3.8.1"
source = { registry = "https://pypi.org/simple" }
dependencies = [
    { name = "typing-extensions", marker = "python_full_version < '3.11'" },
]
sdist = { url = "https://files.pythonhosted.org/packages/29/38/b3395cc9ad1b56d2ddac9970bc8f4141312dbaec28bc7c218b0dfafd0f42/asgiref-3.8.1.tar.gz", hash = "sha256:c343bd80a0bec947a9860adb4c432ffa7db769836c64238fc34bdc3fec84d590", size = 35186 }
wheels = [
    { url = "https://files.pythonhosted.org/packages/39/e3/893e8757be2612e6c266d9bb58ad2e3651524b5b40cf56761e985a28b13e/asgiref-3.8.1-py3-none-any.whl", hash = "sha256:3e1e3ecc849832fe52ccf2cb6686b7a55f82bb1d6aee72a58826471390335e47", size = 23828 },
]

[[package]]
name = "backports-zoneinfo"
version = "0.2.1"
source = { registry = "https://pypi.org/simple" }
sdist = { url = "https://files.pythonhosted.org/packages/ad/85/475e514c3140937cf435954f78dedea1861aeab7662d11de232bdaa90655/backports.zoneinfo-0.2.1.tar.gz", hash = "sha256:fadbfe37f74051d024037f223b8e001611eac868b5c5b06144ef4d8b799862f2", size = 74098 }
wheels = [
    { url = "https://files.pythonhosted.org/packages/4a/6d/eca004eeadcbf8bd64cc96feb9e355536147f0577420b44d80c7cac70767/backports.zoneinfo-0.2.1-cp38-cp38-macosx_10_14_x86_64.whl", hash = "sha256:8961c0f32cd0336fb8e8ead11a1f8cd99ec07145ec2931122faaac1c8f7fd987", size = 35816 },
    { url = "https://files.pythonhosted.org/packages/c1/8f/9b1b920a6a95652463143943fa3b8c000cb0b932ab463764a6f2a2416560/backports.zoneinfo-0.2.1-cp38-cp38-manylinux1_i686.whl", hash = "sha256:e81b76cace8eda1fca50e345242ba977f9be6ae3945af8d46326d776b4cf78d1", size = 72147 },
    { url = "https://files.pythonhosted.org/packages/1a/ab/3e941e3fcf1b7d3ab3d0233194d99d6a0ed6b24f8f956fc81e47edc8c079/backports.zoneinfo-0.2.1-cp38-cp38-manylinux1_x86_64.whl", hash = "sha256:7b0a64cda4145548fed9efc10322770f929b944ce5cee6c0dfe0c87bf4c0c8c9", size = 74033 },
    { url = "https://files.pythonhosted.org/packages/c0/34/5fdb0a3a28841d215c255be8fc60b8666257bb6632193c86fd04b63d4a31/backports.zoneinfo-0.2.1-cp38-cp38-win32.whl", hash = "sha256:1b13e654a55cd45672cb54ed12148cd33628f672548f373963b0bff67b217328", size = 36803 },
    { url = "https://files.pythonhosted.org/packages/78/cc/e27fd6493bbce8dbea7e6c1bc861fe3d3bc22c4f7c81f4c3befb8ff5bfaf/backports.zoneinfo-0.2.1-cp38-cp38-win_amd64.whl", hash = "sha256:4a0f800587060bf8880f954dbef70de6c11bbe59c673c3d818921f042f9954a6", size = 38967 },
]

[[package]]
name = "cfgv"
version = "3.4.0"
source = { registry = "https://pypi.org/simple" }
sdist = { url = "https://files.pythonhosted.org/packages/11/74/539e56497d9bd1d484fd863dd69cbbfa653cd2aa27abfe35653494d85e94/cfgv-3.4.0.tar.gz", hash = "sha256:e52591d4c5f5dead8e0f673fb16db7949d2cfb3f7da4582893288f0ded8fe560", size = 7114 }
wheels = [
    { url = "https://files.pythonhosted.org/packages/c5/55/51844dd50c4fc7a33b653bfaba4c2456f06955289ca770a5dbd5fd267374/cfgv-3.4.0-py2.py3-none-any.whl", hash = "sha256:b7265b1f29fd3316bfcd2b330d63d024f2bfd8bcb8b0272f8e19a504856c48f9", size = 7249 },
]

[[package]]
name = "colorama"
version = "0.4.6"
source = { registry = "https://pypi.org/simple" }
sdist = { url = "https://files.pythonhosted.org/packages/d8/53/6f443c9a4a8358a93a6792e2acffb9d9d5cb0a5cfd8802644b7b1c9a02e4/colorama-0.4.6.tar.gz", hash = "sha256:08695f5cb7ed6e0531a20572697297273c47b8cae5a63ffc6d6ed5c201be6e44", size = 27697 }
wheels = [
    { url = "https://files.pythonhosted.org/packages/d1/d6/3965ed04c63042e047cb6a3e6ed1a63a35087b6a609aa3a15ed8ac56c221/colorama-0.4.6-py2.py3-none-any.whl", hash = "sha256:4f1d9991f5acc0ca119f9d443620b77f9d6b33703e51011c16baf57afb285fc6", size = 25335 },
]

[[package]]
name = "coverage"
version = "7.5.4"
source = { registry = "https://pypi.org/simple" }
sdist = { url = "https://files.pythonhosted.org/packages/ef/05/31553dc038667012853d0a248b57987d8d70b2d67ea885605f87bcb1baba/coverage-7.5.4.tar.gz", hash = "sha256:a44963520b069e12789d0faea4e9fdb1e410cdc4aab89d94f7f55cbb7fef0353", size = 793238 }
wheels = [
    { url = "https://files.pythonhosted.org/packages/38/3d/9f9469f445789a170cb5bef3ad02ae9084ddd689f938797aa8ee793db404/coverage-7.5.4-cp310-cp310-macosx_10_9_x86_64.whl", hash = "sha256:6cfb5a4f556bb51aba274588200a46e4dd6b505fb1a5f8c5ae408222eb416f99", size = 205105 },
    { url = "https://files.pythonhosted.org/packages/b0/d8/b7bde23a5e94cfc1a45effad2dd4c45dc111c515f71c522986dd8ded31a1/coverage-7.5.4-cp310-cp310-macosx_11_0_arm64.whl", hash = "sha256:2174e7c23e0a454ffe12267a10732c273243b4f2d50d07544a91198f05c48f47", size = 205537 },
    { url = "https://files.pythonhosted.org/packages/99/49/0e8c8e8f9f7ea87ed94ddce70cdfe49224b13857ef3cbdb65a5eb29bba6f/coverage-7.5.4-cp310-cp310-manylinux_2_17_aarch64.manylinux2014_aarch64.whl", hash = "sha256:2214ee920787d85db1b6a0bd9da5f8503ccc8fcd5814d90796c2f2493a2f4d2e", size = 234067 },
    { url = "https://files.pythonhosted.org/packages/a9/9a/79381c5dbc118b5cc0aac637352f65078766527ab0d23031d5421f2fb144/coverage-7.5.4-cp310-cp310-manylinux_2_5_i686.manylinux1_i686.manylinux_2_17_i686.manylinux2014_i686.whl", hash = "sha256:1137f46adb28e3813dec8c01fefadcb8c614f33576f672962e323b5128d9a68d", size = 232015 },
    { url = "https://files.pythonhosted.org/packages/a2/78/d457df19baefbe3d38ef63cddfbda0f443d6546f3f56fa95cd884d612e8e/coverage-7.5.4-cp310-cp310-manylinux_2_5_x86_64.manylinux1_x86_64.manylinux_2_17_x86_64.manylinux2014_x86_64.whl", hash = "sha256:b385d49609f8e9efc885790a5a0e89f2e3ae042cdf12958b6034cc442de428d3", size = 233145 },
    { url = "https://files.pythonhosted.org/packages/ef/48/fccbf1b4ab5943e1b5bf5e29892531341b4c2731c448c6970349b0bb2f3b/coverage-7.5.4-cp310-cp310-musllinux_1_2_aarch64.whl", hash = "sha256:b4a474f799456e0eb46d78ab07303286a84a3140e9700b9e154cfebc8f527016", size = 232230 },
    { url = "https://files.pythonhosted.org/packages/44/ab/1ce64d6d01486b7e307ce0b25565b2337b9883d409fdb7655c94b0e80ae7/coverage-7.5.4-cp310-cp310-musllinux_1_2_i686.whl", hash = "sha256:5cd64adedf3be66f8ccee418473c2916492d53cbafbfcff851cbec5a8454b136", size = 230741 },
    { url = "https://files.pythonhosted.org/packages/fd/a2/4db4030508e3f7267151155e2221487e1515eda167262d0aa88bce8d4b57/coverage-7.5.4-cp310-cp310-musllinux_1_2_x86_64.whl", hash = "sha256:e564c2cf45d2f44a9da56f4e3a26b2236504a496eb4cb0ca7221cd4cc7a9aca9", size = 231831 },
    { url = "https://files.pythonhosted.org/packages/a6/90/3e1a9e003f3bc35cde1b1082f740e3c0ad90595caf31df0e49473c3f230a/coverage-7.5.4-cp310-cp310-win32.whl", hash = "sha256:7076b4b3a5f6d2b5d7f1185fde25b1e54eb66e647a1dfef0e2c2bfaf9b4c88c8", size = 207727 },
    { url = "https://files.pythonhosted.org/packages/a5/0f/d56b6b9c2e900b9e51b8dae6b46aa15eb43a6a41342c9b0faca2a6c9890a/coverage-7.5.4-cp310-cp310-win_amd64.whl", hash = "sha256:018a12985185038a5b2bcafab04ab833a9a0f2c59995b3cec07e10074c78635f", size = 208519 },
    { url = "https://files.pythonhosted.org/packages/48/92/f56bf17b10efdb21311b7aa6853afc39eb962af0f9595a24408f7df3f694/coverage-7.5.4-cp311-cp311-macosx_10_9_x86_64.whl", hash = "sha256:db14f552ac38f10758ad14dd7b983dbab424e731588d300c7db25b6f89e335b5", size = 205211 },
    { url = "https://files.pythonhosted.org/packages/b8/69/a3bdace4d667f592b7730c0d636ac9ff9195f678fb4e61b5469b91e49919/coverage-7.5.4-cp311-cp311-macosx_11_0_arm64.whl", hash = "sha256:3257fdd8e574805f27bb5342b77bc65578e98cbc004a92232106344053f319ba", size = 205664 },
    { url = "https://files.pythonhosted.org/packages/cd/bd/8515e955724baab11e8220a3872dc3d1c895b841b281ac8865834257ae2e/coverage-7.5.4-cp311-cp311-manylinux_2_17_aarch64.manylinux2014_aarch64.whl", hash = "sha256:3a6612c99081d8d6134005b1354191e103ec9705d7ba2754e848211ac8cacc6b", size = 237695 },
    { url = "https://files.pythonhosted.org/packages/41/d5/f4f9d2d86e3bd0c3ae761e2511c4033abcdce1de8f1926f8e7c98952540d/coverage-7.5.4-cp311-cp311-manylinux_2_5_i686.manylinux1_i686.manylinux_2_17_i686.manylinux2014_i686.whl", hash = "sha256:d45d3cbd94159c468b9b8c5a556e3f6b81a8d1af2a92b77320e887c3e7a5d080", size = 235270 },
    { url = "https://files.pythonhosted.org/packages/1e/62/e33595d35c9fa7cbcca5df2c3745b595532ec94b68c49ca2877629c4aca1/coverage-7.5.4-cp311-cp311-manylinux_2_5_x86_64.manylinux1_x86_64.manylinux_2_17_x86_64.manylinux2014_x86_64.whl", hash = "sha256:ed550e7442f278af76d9d65af48069f1fb84c9f745ae249c1a183c1e9d1b025c", size = 236966 },
    { url = "https://files.pythonhosted.org/packages/62/ea/e5ae9c845bef94369a3b9b66eb1e0857289c0a769b20078fcf5a5e6021be/coverage-7.5.4-cp311-cp311-musllinux_1_2_aarch64.whl", hash = "sha256:7a892be37ca35eb5019ec85402c3371b0f7cda5ab5056023a7f13da0961e60da", size = 235891 },
    { url = "https://files.pythonhosted.org/packages/33/7f/068a5d05ca6c89295bc8b7ae7ad5ed9d7b0286305a2444eb4d1eb42cb902/coverage-7.5.4-cp311-cp311-musllinux_1_2_i686.whl", hash = "sha256:8192794d120167e2a64721d88dbd688584675e86e15d0569599257566dec9bf0", size = 234548 },
    { url = "https://files.pythonhosted.org/packages/15/a6/bbeeb4c0447a0ae8993e7d9b7ac8c8538ffb1a4210d106573238233f58c8/coverage-7.5.4-cp311-cp311-musllinux_1_2_x86_64.whl", hash = "sha256:820bc841faa502e727a48311948e0461132a9c8baa42f6b2b84a29ced24cc078", size = 235329 },
    { url = "https://files.pythonhosted.org/packages/01/54/e009827b234225815743303d002a146183ea25e011c088dfa7a87f895fdf/coverage-7.5.4-cp311-cp311-win32.whl", hash = "sha256:6aae5cce399a0f065da65c7bb1e8abd5c7a3043da9dceb429ebe1b289bc07806", size = 207728 },
    { url = "https://files.pythonhosted.org/packages/cd/48/8b929edd540634d8e7ed50d78e86790613e8733edf7eb21c2c217bf25176/coverage-7.5.4-cp311-cp311-win_amd64.whl", hash = "sha256:d2e344d6adc8ef81c5a233d3a57b3c7d5181f40e79e05e1c143da143ccb6377d", size = 208614 },
    { url = "https://files.pythonhosted.org/packages/6d/96/58bcb3417c2fd38fae862704599f7088451bb6c8786f5cec6887366e78d9/coverage-7.5.4-cp312-cp312-macosx_10_9_x86_64.whl", hash = "sha256:54317c2b806354cbb2dc7ac27e2b93f97096912cc16b18289c5d4e44fc663233", size = 205392 },
    { url = "https://files.pythonhosted.org/packages/2c/63/4f781db529b585a6ef3860ea01390951b006dbea9ada4ea3a3d830e325f4/coverage-7.5.4-cp312-cp312-macosx_11_0_arm64.whl", hash = "sha256:042183de01f8b6d531e10c197f7f0315a61e8d805ab29c5f7b51a01d62782747", size = 205634 },
    { url = "https://files.pythonhosted.org/packages/57/50/c5aadf036078072f31d8f1ae1a6000cc70f3f6cf652939c2d77551174d77/coverage-7.5.4-cp312-cp312-manylinux_2_17_aarch64.manylinux2014_aarch64.whl", hash = "sha256:a6bb74ed465d5fb204b2ec41d79bcd28afccf817de721e8a807d5141c3426638", size = 238754 },
    { url = "https://files.pythonhosted.org/packages/eb/a6/57c42994b1686461c7b0b29de3b6d3d60c5f23a656f96460f9c755a31506/coverage-7.5.4-cp312-cp312-manylinux_2_5_i686.manylinux1_i686.manylinux_2_17_i686.manylinux2014_i686.whl", hash = "sha256:b3d45ff86efb129c599a3b287ae2e44c1e281ae0f9a9bad0edc202179bcc3a2e", size = 235783 },
    { url = "https://files.pythonhosted.org/packages/88/52/7054710a881b09d295e93b9889ac204c241a6847a8c05555fc6e1d8799d5/coverage-7.5.4-cp312-cp312-manylinux_2_5_x86_64.manylinux1_x86_64.manylinux_2_17_x86_64.manylinux2014_x86_64.whl", hash = "sha256:5013ed890dc917cef2c9f765c4c6a8ae9df983cd60dbb635df8ed9f4ebc9f555", size = 237865 },
    { url = "https://files.pythonhosted.org/packages/a0/c3/57ef08c70483b83feb4e0d22345010aaf0afbe442dba015da3b173076c36/coverage-7.5.4-cp312-cp312-musllinux_1_2_aarch64.whl", hash = "sha256:1014fbf665fef86cdfd6cb5b7371496ce35e4d2a00cda501cf9f5b9e6fced69f", size = 237340 },
    { url = "https://files.pythonhosted.org/packages/d8/44/465fa8f8edc11a18cbb83673f29b1af20ccf5139a66fbe2768ff67527ff0/coverage-7.5.4-cp312-cp312-musllinux_1_2_i686.whl", hash = "sha256:3684bc2ff328f935981847082ba4fdc950d58906a40eafa93510d1b54c08a66c", size = 235663 },
    { url = "https://files.pythonhosted.org/packages/ef/e5/829ddcfb29ad41661ba8e9cac7dc52100fd2c4853bb93d668a3ebde64862/coverage-7.5.4-cp312-cp312-musllinux_1_2_x86_64.whl", hash = "sha256:581ea96f92bf71a5ec0974001f900db495488434a6928a2ca7f01eee20c23805", size = 237309 },
    { url = "https://files.pythonhosted.org/packages/98/f6/f9c96fbf9b36be3f4d8c252ab2b4944420d99425f235f492784498804182/coverage-7.5.4-cp312-cp312-win32.whl", hash = "sha256:73ca8fbc5bc622e54627314c1a6f1dfdd8db69788f3443e752c215f29fa87a0b", size = 207988 },
    { url = "https://files.pythonhosted.org/packages/0e/c1/2b7c7dcf4c273aac7676f12fb2b5524b133671d731ab91bd9a41c21675b9/coverage-7.5.4-cp312-cp312-win_amd64.whl", hash = "sha256:cef4649ec906ea7ea5e9e796e68b987f83fa9a718514fe147f538cfeda76d7a7", size = 208756 },
    { url = "https://files.pythonhosted.org/packages/f2/82/5ddb436de663abe2ec566461fa106f9f344afae339f0f56963f020fd94b4/coverage-7.5.4-cp38-cp38-macosx_10_9_x86_64.whl", hash = "sha256:cdd31315fc20868c194130de9ee6bfd99755cc9565edff98ecc12585b90be882", size = 205088 },
    { url = "https://files.pythonhosted.org/packages/71/d3/751c6dc673211a5cad695a59f782013e3f0f466d16ecaf9a34f0167f5e98/coverage-7.5.4-cp38-cp38-macosx_11_0_arm64.whl", hash = "sha256:02ff6e898197cc1e9fa375581382b72498eb2e6d5fc0b53f03e496cfee3fac6d", size = 205510 },
    { url = "https://files.pythonhosted.org/packages/83/46/5020dadddbcef1c8f0bf7869a117c4558ff59b2a163b008868a5fb78fc68/coverage-7.5.4-cp38-cp38-manylinux_2_17_aarch64.manylinux2014_aarch64.whl", hash = "sha256:d05c16cf4b4c2fc880cb12ba4c9b526e9e5d5bb1d81313d4d732a5b9fe2b9d53", size = 234970 },
    { url = "https://files.pythonhosted.org/packages/e4/9d/6f415813b10ca2927da0b4c948d25fcbd3559f8cd2c04b1aac49ca223131/coverage-7.5.4-cp38-cp38-manylinux_2_5_i686.manylinux1_i686.manylinux_2_17_i686.manylinux2014_i686.whl", hash = "sha256:c5986ee7ea0795a4095ac4d113cbb3448601efca7f158ec7f7087a6c705304e4", size = 232860 },
    { url = "https://files.pythonhosted.org/packages/35/b3/27fbdf02d2e561d68a4e53522c83f4f2756aea5886c73880a96b8afdeaae/coverage-7.5.4-cp38-cp38-manylinux_2_5_x86_64.manylinux1_x86_64.manylinux_2_17_x86_64.manylinux2014_x86_64.whl", hash = "sha256:5df54843b88901fdc2f598ac06737f03d71168fd1175728054c8f5a2739ac3e4", size = 234305 },
    { url = "https://files.pythonhosted.org/packages/d1/dd/b29cc90e643af35acd9ddc99c520b7bcd34ec5c13830f5ef956dd6d6b6a2/coverage-7.5.4-cp38-cp38-musllinux_1_2_aarch64.whl", hash = "sha256:ab73b35e8d109bffbda9a3e91c64e29fe26e03e49addf5b43d85fc426dde11f9", size = 233563 },
    { url = "https://files.pythonhosted.org/packages/8a/da/a3dbe8d7bfa6da354ed63691d2a1c3ec3afb058125ed578647fdf8396aa5/coverage-7.5.4-cp38-cp38-musllinux_1_2_i686.whl", hash = "sha256:aea072a941b033813f5e4814541fc265a5c12ed9720daef11ca516aeacd3bd7f", size = 232224 },
    { url = "https://files.pythonhosted.org/packages/86/d4/b3863e938d1b95b3f34bcf7fa9772b66f40fff0819193749e92a528ebfba/coverage-7.5.4-cp38-cp38-musllinux_1_2_x86_64.whl", hash = "sha256:16852febd96acd953b0d55fc842ce2dac1710f26729b31c80b940b9afcd9896f", size = 233071 },
    { url = "https://files.pythonhosted.org/packages/c3/65/4a3ae9bfb1eaec6898e34a8b283c7cc36d07c034f9abf40e494db616a090/coverage-7.5.4-cp38-cp38-win32.whl", hash = "sha256:8f894208794b164e6bd4bba61fc98bf6b06be4d390cf2daacfa6eca0a6d2bb4f", size = 207683 },
    { url = "https://files.pythonhosted.org/packages/ec/55/f38b087d950693b90034abfeefe825f9fda142d3c7469750d5141ab28a9b/coverage-7.5.4-cp38-cp38-win_amd64.whl", hash = "sha256:e2afe743289273209c992075a5a4913e8d007d569a406ffed0bd080ea02b0633", size = 208521 },
    { url = "https://files.pythonhosted.org/packages/57/1f/b6c0725454c49b88c0229cdbb22435a90e94521149ea1d068da1d17906d7/coverage-7.5.4-cp39-cp39-macosx_10_9_x86_64.whl", hash = "sha256:b95c3a8cb0463ba9f77383d0fa8c9194cf91f64445a63fc26fb2327e1e1eb088", size = 205100 },
    { url = "https://files.pythonhosted.org/packages/13/f5/3e13e18a4e42fbb7734c1919255841b7fda188babc57e0fcad3c2e5a080e/coverage-7.5.4-cp39-cp39-macosx_11_0_arm64.whl", hash = "sha256:3d7564cc09dd91b5a6001754a5b3c6ecc4aba6323baf33a12bd751036c998be4", size = 205536 },
    { url = "https://files.pythonhosted.org/packages/c6/1c/bd6d46e44ddb2affc73271d22cba263d9e5d8a0afd593a5de62dbd1380cd/coverage-7.5.4-cp39-cp39-manylinux_2_17_aarch64.manylinux2014_aarch64.whl", hash = "sha256:44da56a2589b684813f86d07597fdf8a9c6ce77f58976727329272f5a01f99f7", size = 233667 },
    { url = "https://files.pythonhosted.org/packages/01/ee/87e1285608cb69c44a0da9864434818fc53a0a95ec45f112f623a6578ee9/coverage-7.5.4-cp39-cp39-manylinux_2_5_i686.manylinux1_i686.manylinux_2_17_i686.manylinux2014_i686.whl", hash = "sha256:e16f3d6b491c48c5ae726308e6ab1e18ee830b4cdd6913f2d7f77354b33f91c8", size = 231650 },
    { url = "https://files.pythonhosted.org/packages/c4/b4/0cbc18998613f8caaec793ad5878d2450382dfac80e65d352fb7cd9cc1dc/coverage-7.5.4-cp39-cp39-manylinux_2_5_x86_64.manylinux1_x86_64.manylinux_2_17_x86_64.manylinux2014_x86_64.whl", hash = "sha256:dbc5958cb471e5a5af41b0ddaea96a37e74ed289535e8deca404811f6cb0bc3d", size = 232731 },
    { url = "https://files.pythonhosted.org/packages/41/03/3968f2d60208c4332bb12c2d25fdfdbbd9a5c7a2a64b4ed1050b20a9dc3f/coverage-7.5.4-cp39-cp39-musllinux_1_2_aarch64.whl", hash = "sha256:a04e990a2a41740b02d6182b498ee9796cf60eefe40cf859b016650147908029", size = 231874 },
    { url = "https://files.pythonhosted.org/packages/68/d0/1e2bae9d17c7c8757b75a9b9c7bf35083a84fcf5361802bb6da911aa7089/coverage-7.5.4-cp39-cp39-musllinux_1_2_i686.whl", hash = "sha256:ddbd2f9713a79e8e7242d7c51f1929611e991d855f414ca9996c20e44a895f7c", size = 230372 },
    { url = "https://files.pythonhosted.org/packages/0d/93/9eabf10ab089b9b9dcb026d84e70a3114054b75f2d37fd7e61642da775a1/coverage-7.5.4-cp39-cp39-musllinux_1_2_x86_64.whl", hash = "sha256:b1ccf5e728ccf83acd313c89f07c22d70d6c375a9c6f339233dcf792094bcbf7", size = 231359 },
    { url = "https://files.pythonhosted.org/packages/9d/f9/8a6cf39d151765f6adaa2808032fda07f57fe4ba658deed11bf1b6c65f11/coverage-7.5.4-cp39-cp39-win32.whl", hash = "sha256:56b4eafa21c6c175b3ede004ca12c653a88b6f922494b023aeb1e836df953ace", size = 207741 },
    { url = "https://files.pythonhosted.org/packages/a0/3a/e75878173e3f5ef21c04b96c535b5e0d10195e5fa28a842b781d339c3df9/coverage-7.5.4-cp39-cp39-win_amd64.whl", hash = "sha256:65e528e2e921ba8fd67d9055e6b9f9e34b21ebd6768ae1c1723f4ea6ace1234d", size = 208542 },
    { url = "https://files.pythonhosted.org/packages/7a/c3/a5b06a07b68795018f47b5d69b523ad473ac9ee66be3c22c4d3e5eadd91e/coverage-7.5.4-pp38.pp39.pp310-none-any.whl", hash = "sha256:79b356f3dd5b26f3ad23b35c75dbdaf1f9e2450b6bcefc6d0825ea0aa3f86ca5", size = 197342 },
]

[package.optional-dependencies]
toml = [
    { name = "tomli", marker = "python_full_version <= '3.11'" },
]

[[package]]
name = "distlib"
version = "0.3.8"
source = { registry = "https://pypi.org/simple" }
sdist = { url = "https://files.pythonhosted.org/packages/c4/91/e2df406fb4efacdf46871c25cde65d3c6ee5e173b7e5a4547a47bae91920/distlib-0.3.8.tar.gz", hash = "sha256:1530ea13e350031b6312d8580ddb6b27a104275a31106523b8f123787f494f64", size = 609931 }
wheels = [
    { url = "https://files.pythonhosted.org/packages/8e/41/9307e4f5f9976bc8b7fea0b66367734e8faf3ec84bc0d412d8cfabbb66cd/distlib-0.3.8-py2.py3-none-any.whl", hash = "sha256:034db59a0b96f8ca18035f36290806a9a6e6bd9d1ff91e45a7f172eb17e51784", size = 468850 },
]

[[package]]
name = "django"
version = "4.2.16"
source = { registry = "https://pypi.org/simple" }
dependencies = [
    { name = "asgiref" },
    { name = "backports-zoneinfo", marker = "python_full_version < '3.9'" },
    { name = "sqlparse" },
    { name = "tzdata", marker = "sys_platform == 'win32'" },
]
sdist = { url = "https://files.pythonhosted.org/packages/65/d8/a607ee443b54a4db4ad28902328b906ae6218aa556fb9b3ac45c0bcb313d/Django-4.2.16.tar.gz", hash = "sha256:6f1616c2786c408ce86ab7e10f792b8f15742f7b7b7460243929cb371e7f1dad", size = 10436023 }
wheels = [
    { url = "https://files.pythonhosted.org/packages/94/2c/6b6c7e493d5ea789416918658ebfa16be7a64c77610307497ed09a93c8c4/Django-4.2.16-py3-none-any.whl", hash = "sha256:1ddc333a16fc139fd253035a1606bb24261951bbc3a6ca256717fa06cc41a898", size = 7992936 },
]

[[package]]
name = "django-fsm-2"
version = "4.1.0"
source = { editable = "." }
dependencies = [
    { name = "django" },
]

[package.dev-dependencies]
dev = [
    { name = "coverage" },
    { name = "django-guardian" },
    { name = "graphviz" },
    { name = "pre-commit" },
    { name = "pytest" },
    { name = "pytest-cov" },
    { name = "pytest-django" },
]
graphviz = [
    { name = "graphviz" },
]

[package.metadata]
requires-dist = [{ name = "django", specifier = ">=4.2" }]

[package.metadata.requires-dev]
dev = [
    { name = "coverage" },
    { name = "django-guardian" },
    { name = "graphviz" },
    { name = "pre-commit" },
    { name = "pytest" },
    { name = "pytest-cov" },
    { name = "pytest-django" },
]
graphviz = [{ name = "graphviz" }]

[[package]]
name = "django-guardian"
version = "2.4.0"
source = { registry = "https://pypi.org/simple" }
dependencies = [
    { name = "django" },
]
sdist = { url = "https://files.pythonhosted.org/packages/6f/4c/d1f6923a0ad7f16c403a54c09e94acb76ac6c3765e02523fb09b2b03e1a8/django-guardian-2.4.0.tar.gz", hash = "sha256:c58a68ae76922d33e6bdc0e69af1892097838de56e93e78a8361090bcd9f89a0", size = 159008 }
wheels = [
    { url = "https://files.pythonhosted.org/packages/a2/25/869df12e544b51f583254aadbba6c1a95e11d2d08edeb9e58dd715112db5/django_guardian-2.4.0-py3-none-any.whl", hash = "sha256:440ca61358427e575323648b25f8384739e54c38b3d655c81d75e0cd0d61b697", size = 106107 },
]

[[package]]
name = "exceptiongroup"
version = "1.2.1"
source = { registry = "https://pypi.org/simple" }
sdist = { url = "https://files.pythonhosted.org/packages/a0/65/d66b7fbaef021b3c954b3bbb196d21d8a4b97918ea524f82cfae474215af/exceptiongroup-1.2.1.tar.gz", hash = "sha256:a4785e48b045528f5bfe627b6ad554ff32def154f42372786903b7abcfe1aa16", size = 28717 }
wheels = [
    { url = "https://files.pythonhosted.org/packages/01/90/79fe92dd413a9cab314ef5c591b5aa9b9ba787ae4cadab75055b0ae00b33/exceptiongroup-1.2.1-py3-none-any.whl", hash = "sha256:5258b9ed329c5bbdd31a309f53cbfb0b155341807f6ff7606a1e801a891b29ad", size = 16458 },
]

[[package]]
name = "filelock"
version = "3.15.4"
source = { registry = "https://pypi.org/simple" }
sdist = { url = "https://files.pythonhosted.org/packages/08/dd/49e06f09b6645156550fb9aee9cc1e59aba7efbc972d665a1bd6ae0435d4/filelock-3.15.4.tar.gz", hash = "sha256:2207938cbc1844345cb01a5a95524dae30f0ce089eba5b00378295a17e3e90cb", size = 18007 }
wheels = [
    { url = "https://files.pythonhosted.org/packages/ae/f0/48285f0262fe47103a4a45972ed2f9b93e4c80b8fd609fa98da78b2a5706/filelock-3.15.4-py3-none-any.whl", hash = "sha256:6ca1fffae96225dab4c6eaf1c4f4f28cd2568d3ec2a44e15a08520504de468e7", size = 16159 },
]

[[package]]
name = "graphviz"
version = "0.20.3"
source = { registry = "https://pypi.org/simple" }
sdist = { url = "https://files.pythonhosted.org/packages/fa/83/5a40d19b8347f017e417710907f824915fba411a9befd092e52746b63e9f/graphviz-0.20.3.zip", hash = "sha256:09d6bc81e6a9fa392e7ba52135a9d49f1ed62526f96499325930e87ca1b5925d", size = 256455 }
wheels = [
    { url = "https://files.pythonhosted.org/packages/00/be/d59db2d1d52697c6adc9eacaf50e8965b6345cc143f671e1ed068818d5cf/graphviz-0.20.3-py3-none-any.whl", hash = "sha256:81f848f2904515d8cd359cc611faba817598d2feaac4027b266aa3eda7b3dde5", size = 47126 },
]

[[package]]
name = "identify"
version = "2.5.36"
source = { registry = "https://pypi.org/simple" }
sdist = { url = "https://files.pythonhosted.org/packages/aa/9a/83775a4e09de8b9d774a2217bfe03038c488778e58561e6970daa39b4801/identify-2.5.36.tar.gz", hash = "sha256:e5e00f54165f9047fbebeb4a560f9acfb8af4c88232be60a488e9b68d122745d", size = 99049 }
wheels = [
    { url = "https://files.pythonhosted.org/packages/f7/d3/d31b7fe744a3b2e6c51ea04af6575d1583deb09eb33cecfc99fa7644a725/identify-2.5.36-py2.py3-none-any.whl", hash = "sha256:37d93f380f4de590500d9dba7db359d0d3da95ffe7f9de1753faa159e71e7dfa", size = 98970 },
]

[[package]]
name = "iniconfig"
version = "2.0.0"
source = { registry = "https://pypi.org/simple" }
sdist = { url = "https://files.pythonhosted.org/packages/d7/4b/cbd8e699e64a6f16ca3a8220661b5f83792b3017d0f79807cb8708d33913/iniconfig-2.0.0.tar.gz", hash = "sha256:2d91e135bf72d31a410b17c16da610a82cb55f6b0477d1a902134b24a455b8b3", size = 4646 }
wheels = [
    { url = "https://files.pythonhosted.org/packages/ef/a6/62565a6e1cf69e10f5727360368e451d4b7f58beeac6173dc9db836a5b46/iniconfig-2.0.0-py3-none-any.whl", hash = "sha256:b6a85871a79d2e3b22d2d1b94ac2824226a63c6b741c88f7ae975f18b6778374", size = 5892 },
]

[[package]]
name = "nodeenv"
version = "1.9.1"
source = { registry = "https://pypi.org/simple" }
sdist = { url = "https://files.pythonhosted.org/packages/43/16/fc88b08840de0e0a72a2f9d8c6bae36be573e475a6326ae854bcc549fc45/nodeenv-1.9.1.tar.gz", hash = "sha256:6ec12890a2dab7946721edbfbcd91f3319c6ccc9aec47be7c7e6b7011ee6645f", size = 47437 }
wheels = [
    { url = "https://files.pythonhosted.org/packages/d2/1d/1b658dbd2b9fa9c4c9f32accbfc0205d532c8c6194dc0f2a4c0428e7128a/nodeenv-1.9.1-py2.py3-none-any.whl", hash = "sha256:ba11c9782d29c27c70ffbdda2d7415098754709be8a7056d79a737cd901155c9", size = 22314 },
]

[[package]]
name = "packaging"
version = "24.1"
source = { registry = "https://pypi.org/simple" }
sdist = { url = "https://files.pythonhosted.org/packages/51/65/50db4dda066951078f0a96cf12f4b9ada6e4b811516bf0262c0f4f7064d4/packaging-24.1.tar.gz", hash = "sha256:026ed72c8ed3fcce5bf8950572258698927fd1dbda10a5e981cdf0ac37f4f002", size = 148788 }
wheels = [
    { url = "https://files.pythonhosted.org/packages/08/aa/cc0199a5f0ad350994d660967a8efb233fe0416e4639146c089643407ce6/packaging-24.1-py3-none-any.whl", hash = "sha256:5b8f2217dbdbd2f7f384c41c628544e6d52f2d0f53c6d0c3ea61aa5d1d7ff124", size = 53985 },
]

[[package]]
name = "platformdirs"
version = "4.2.2"
source = { registry = "https://pypi.org/simple" }
sdist = { url = "https://files.pythonhosted.org/packages/f5/52/0763d1d976d5c262df53ddda8d8d4719eedf9594d046f117c25a27261a19/platformdirs-4.2.2.tar.gz", hash = "sha256:38b7b51f512eed9e84a22788b4bce1de17c0adb134d6becb09836e37d8654cd3", size = 20916 }
wheels = [
    { url = "https://files.pythonhosted.org/packages/68/13/2aa1f0e1364feb2c9ef45302f387ac0bd81484e9c9a4c5688a322fbdfd08/platformdirs-4.2.2-py3-none-any.whl", hash = "sha256:2d7a1657e36a80ea911db832a8a6ece5ee53d8de21edd5cc5879af6530b1bfee", size = 18146 },
]

[[package]]
name = "pluggy"
version = "1.5.0"
source = { registry = "https://pypi.org/simple" }
sdist = { url = "https://files.pythonhosted.org/packages/96/2d/02d4312c973c6050a18b314a5ad0b3210edb65a906f868e31c111dede4a6/pluggy-1.5.0.tar.gz", hash = "sha256:2cffa88e94fdc978c4c574f15f9e59b7f4201d439195c3715ca9e2486f1d0cf1", size = 67955 }
wheels = [
    { url = "https://files.pythonhosted.org/packages/88/5f/e351af9a41f866ac3f1fac4ca0613908d9a41741cfcf2228f4ad853b697d/pluggy-1.5.0-py3-none-any.whl", hash = "sha256:44e1ad92c8ca002de6377e165f3e0f1be63266ab4d554740532335b9d75ea669", size = 20556 },
]

[[package]]
name = "pre-commit"
version = "3.5.0"
source = { registry = "https://pypi.org/simple" }
dependencies = [
    { name = "cfgv" },
    { name = "identify" },
    { name = "nodeenv" },
    { name = "pyyaml" },
    { name = "virtualenv" },
]
sdist = { url = "https://files.pythonhosted.org/packages/04/b3/4ae08d21eb097162f5aad37f4585f8069a86402ed7f5362cc9ae097f9572/pre_commit-3.5.0.tar.gz", hash = "sha256:5804465c675b659b0862f07907f96295d490822a450c4c40e747d0b1c6ebcb32", size = 177079 }
wheels = [
    { url = "https://files.pythonhosted.org/packages/6c/75/526915fedf462e05eeb1c75ceaf7e3f9cde7b5ce6f62740fe5f7f19a0050/pre_commit-3.5.0-py2.py3-none-any.whl", hash = "sha256:841dc9aef25daba9a0238cd27984041fa0467b4199fc4852e27950664919f660", size = 203698 },
]

[[package]]
name = "pytest"
version = "8.2.2"
source = { registry = "https://pypi.org/simple" }
dependencies = [
    { name = "colorama", marker = "sys_platform == 'win32'" },
    { name = "exceptiongroup", marker = "python_full_version < '3.11'" },
    { name = "iniconfig" },
    { name = "packaging" },
    { name = "pluggy" },
    { name = "tomli", marker = "python_full_version < '3.11'" },
]
sdist = { url = "https://files.pythonhosted.org/packages/a6/58/e993ca5357553c966b9e73cb3475d9c935fe9488746e13ebdf9b80fae508/pytest-8.2.2.tar.gz", hash = "sha256:de4bb8104e201939ccdc688b27a89a7be2079b22e2bd2b07f806b6ba71117977", size = 1427980 }
wheels = [
    { url = "https://files.pythonhosted.org/packages/4e/e7/81ebdd666d3bff6670d27349b5053605d83d55548e6bd5711f3b0ae7dd23/pytest-8.2.2-py3-none-any.whl", hash = "sha256:c434598117762e2bd304e526244f67bf66bbd7b5d6cf22138be51ff661980343", size = 339873 },
]

[[package]]
name = "pytest-cov"
version = "4.1.0"
source = { registry = "https://pypi.org/simple" }
dependencies = [
    { name = "coverage", extra = ["toml"] },
    { name = "pytest" },
]
sdist = { url = "https://files.pythonhosted.org/packages/7a/15/da3df99fd551507694a9b01f512a2f6cf1254f33601605843c3775f39460/pytest-cov-4.1.0.tar.gz", hash = "sha256:3904b13dfbfec47f003b8e77fd5b589cd11904a21ddf1ab38a64f204d6a10ef6", size = 63245 }
wheels = [
    { url = "https://files.pythonhosted.org/packages/a7/4b/8b78d126e275efa2379b1c2e09dc52cf70df16fc3b90613ef82531499d73/pytest_cov-4.1.0-py3-none-any.whl", hash = "sha256:6ba70b9e97e69fcc3fb45bfeab2d0a138fb65c4d0d6a41ef33983ad114be8c3a", size = 21949 },
]

[[package]]
name = "pytest-django"
version = "4.8.0"
source = { registry = "https://pypi.org/simple" }
dependencies = [
    { name = "pytest" },
]
sdist = { url = "https://files.pythonhosted.org/packages/bd/cf/44510ac5479f281d6663a08dff0d93f56b21f4ee091980ea4d4b64491ad6/pytest-django-4.8.0.tar.gz", hash = "sha256:5d054fe011c56f3b10f978f41a8efb2e5adfc7e680ef36fb571ada1f24779d90", size = 83291 }
wheels = [
    { url = "https://files.pythonhosted.org/packages/93/5b/29555191e903881d05e1f7184205ec534c7021e0ee077d1e6a1ee8f1b1eb/pytest_django-4.8.0-py3-none-any.whl", hash = "sha256:ca1ddd1e0e4c227cf9e3e40a6afc6d106b3e70868fd2ac5798a22501271cd0c7", size = 23432 },
]

[[package]]
name = "pyyaml"
version = "6.0.1"
source = { registry = "https://pypi.org/simple" }
sdist = { url = "https://files.pythonhosted.org/packages/cd/e5/af35f7ea75cf72f2cd079c95ee16797de7cd71f29ea7c68ae5ce7be1eda0/PyYAML-6.0.1.tar.gz", hash = "sha256:bfdf460b1736c775f2ba9f6a92bca30bc2095067b8a9d77876d1fad6cc3b4a43", size = 125201 }
wheels = [
    { url = "https://files.pythonhosted.org/packages/96/06/4beb652c0fe16834032e54f0956443d4cc797fe645527acee59e7deaa0a2/PyYAML-6.0.1-cp310-cp310-macosx_10_9_x86_64.whl", hash = "sha256:d858aa552c999bc8a8d57426ed01e40bef403cd8ccdd0fc5f6f04a00414cac2a", size = 189447 },
    { url = "https://files.pythonhosted.org/packages/5b/07/10033a403b23405a8fc48975444463d3d10a5c2736b7eb2550b07b367429/PyYAML-6.0.1-cp310-cp310-macosx_11_0_arm64.whl", hash = "sha256:fd66fc5d0da6d9815ba2cebeb4205f95818ff4b79c3ebe268e75d961704af52f", size = 169264 },
    { url = "https://files.pythonhosted.org/packages/f1/26/55e4f21db1f72eaef092015d9017c11510e7e6301c62a6cfee91295d13c6/PyYAML-6.0.1-cp310-cp310-manylinux_2_17_aarch64.manylinux2014_aarch64.whl", hash = "sha256:69b023b2b4daa7548bcfbd4aa3da05b3a74b772db9e23b982788168117739938", size = 677003 },
    { url = "https://files.pythonhosted.org/packages/ba/91/090818dfa62e85181f3ae23dd1e8b7ea7f09684864a900cab72d29c57346/PyYAML-6.0.1-cp310-cp310-manylinux_2_17_s390x.manylinux2014_s390x.whl", hash = "sha256:81e0b275a9ecc9c0c0c07b4b90ba548307583c125f54d5b6946cfee6360c733d", size = 699070 },
    { url = "https://files.pythonhosted.org/packages/29/61/bf33c6c85c55bc45a29eee3195848ff2d518d84735eb0e2d8cb42e0d285e/PyYAML-6.0.1-cp310-cp310-manylinux_2_17_x86_64.manylinux2014_x86_64.whl", hash = "sha256:ba336e390cd8e4d1739f42dfe9bb83a3cc2e80f567d8805e11b46f4a943f5515", size = 705525 },
    { url = "https://files.pythonhosted.org/packages/07/91/45dfd0ef821a7f41d9d0136ea3608bb5b1653e42fd56a7970532cb5c003f/PyYAML-6.0.1-cp310-cp310-musllinux_1_1_x86_64.whl", hash = "sha256:326c013efe8048858a6d312ddd31d56e468118ad4cdeda36c719bf5bb6192290", size = 707514 },
    { url = "https://files.pythonhosted.org/packages/b6/a0/b6700da5d49e9fed49dc3243d3771b598dad07abb37cc32e524607f96adc/PyYAML-6.0.1-cp310-cp310-win32.whl", hash = "sha256:bd4af7373a854424dabd882decdc5579653d7868b8fb26dc7d0e99f823aa5924", size = 130488 },
    { url = "https://files.pythonhosted.org/packages/24/97/9b59b43431f98d01806b288532da38099cc6f2fea0f3d712e21e269c0279/PyYAML-6.0.1-cp310-cp310-win_amd64.whl", hash = "sha256:fd1592b3fdf65fff2ad0004b5e363300ef59ced41c2e6b3a99d4089fa8c5435d", size = 145338 },
    { url = "https://files.pythonhosted.org/packages/ec/0d/26fb23e8863e0aeaac0c64e03fd27367ad2ae3f3cccf3798ee98ce160368/PyYAML-6.0.1-cp311-cp311-macosx_10_9_x86_64.whl", hash = "sha256:6965a7bc3cf88e5a1c3bd2e0b5c22f8d677dc88a455344035f03399034eb3007", size = 187867 },
    { url = "https://files.pythonhosted.org/packages/28/09/55f715ddbf95a054b764b547f617e22f1d5e45d83905660e9a088078fe67/PyYAML-6.0.1-cp311-cp311-macosx_11_0_arm64.whl", hash = "sha256:f003ed9ad21d6a4713f0a9b5a7a0a79e08dd0f221aff4525a2be4c346ee60aab", size = 167530 },
    { url = "https://files.pythonhosted.org/packages/5e/94/7d5ee059dfb92ca9e62f4057dcdec9ac08a9e42679644854dc01177f8145/PyYAML-6.0.1-cp311-cp311-manylinux_2_17_aarch64.manylinux2014_aarch64.whl", hash = "sha256:42f8152b8dbc4fe7d96729ec2b99c7097d656dc1213a3229ca5383f973a5ed6d", size = 732244 },
    { url = "https://files.pythonhosted.org/packages/06/92/e0224aa6ebf9dc54a06a4609da37da40bb08d126f5535d81bff6b417b2ae/PyYAML-6.0.1-cp311-cp311-manylinux_2_17_s390x.manylinux2014_s390x.whl", hash = "sha256:062582fca9fabdd2c8b54a3ef1c978d786e0f6b3a1510e0ac93ef59e0ddae2bc", size = 752871 },
    { url = "https://files.pythonhosted.org/packages/7b/5e/efd033ab7199a0b2044dab3b9f7a4f6670e6a52c089de572e928d2873b06/PyYAML-6.0.1-cp311-cp311-manylinux_2_17_x86_64.manylinux2014_x86_64.whl", hash = "sha256:d2b04aac4d386b172d5b9692e2d2da8de7bfb6c387fa4f801fbf6fb2e6ba4673", size = 757729 },
    { url = "https://files.pythonhosted.org/packages/03/5c/c4671451b2f1d76ebe352c0945d4cd13500adb5d05f5a51ee296d80152f7/PyYAML-6.0.1-cp311-cp311-musllinux_1_1_x86_64.whl", hash = "sha256:e7d73685e87afe9f3b36c799222440d6cf362062f78be1013661b00c5c6f678b", size = 748528 },
    { url = "https://files.pythonhosted.org/packages/73/9c/766e78d1efc0d1fca637a6b62cea1b4510a7fb93617eb805223294fef681/PyYAML-6.0.1-cp311-cp311-win32.whl", hash = "sha256:1635fd110e8d85d55237ab316b5b011de701ea0f29d07611174a1b42f1444741", size = 130286 },
    { url = "https://files.pythonhosted.org/packages/b3/34/65bb4b2d7908044963ebf614fe0fdb080773fc7030d7e39c8d3eddcd4257/PyYAML-6.0.1-cp311-cp311-win_amd64.whl", hash = "sha256:bf07ee2fef7014951eeb99f56f39c9bb4af143d8aa3c21b1677805985307da34", size = 144699 },
    { url = "https://files.pythonhosted.org/packages/bc/06/1b305bf6aa704343be85444c9d011f626c763abb40c0edc1cad13bfd7f86/PyYAML-6.0.1-cp312-cp312-macosx_10_9_x86_64.whl", hash = "sha256:855fb52b0dc35af121542a76b9a84f8d1cd886ea97c84703eaa6d88e37a2ad28", size = 178692 },
    { url = "https://files.pythonhosted.org/packages/84/02/404de95ced348b73dd84f70e15a41843d817ff8c1744516bf78358f2ffd2/PyYAML-6.0.1-cp312-cp312-macosx_11_0_arm64.whl", hash = "sha256:40df9b996c2b73138957fe23a16a4f0ba614f4c0efce1e9406a184b6d07fa3a9", size = 165622 },
    { url = "https://files.pythonhosted.org/packages/c7/4c/4a2908632fc980da6d918b9de9c1d9d7d7e70b2672b1ad5166ed27841ef7/PyYAML-6.0.1-cp312-cp312-manylinux_2_17_aarch64.manylinux2014_aarch64.whl", hash = "sha256:a08c6f0fe150303c1c6b71ebcd7213c2858041a7e01975da3a99aed1e7a378ef", size = 696937 },
    { url = "https://files.pythonhosted.org/packages/b4/33/720548182ffa8344418126017aa1d4ab4aeec9a2275f04ce3f3573d8ace8/PyYAML-6.0.1-cp312-cp312-manylinux_2_17_x86_64.manylinux2014_x86_64.whl", hash = "sha256:6c22bec3fbe2524cde73d7ada88f6566758a8f7227bfbf93a408a9d86bcc12a0", size = 724969 },
    { url = "https://files.pythonhosted.org/packages/4f/78/77b40157b6cb5f2d3d31a3d9b2efd1ba3505371f76730d267e8b32cf4b7f/PyYAML-6.0.1-cp312-cp312-musllinux_1_1_x86_64.whl", hash = "sha256:8d4e9c88387b0f5c7d5f281e55304de64cf7f9c0021a3525bd3b1c542da3b0e4", size = 712604 },
    { url = "https://files.pythonhosted.org/packages/2e/97/3e0e089ee85e840f4b15bfa00e4e63d84a3691ababbfea92d6f820ea6f21/PyYAML-6.0.1-cp312-cp312-win32.whl", hash = "sha256:d483d2cdf104e7c9fa60c544d92981f12ad66a457afae824d146093b8c294c54", size = 126098 },
    { url = "https://files.pythonhosted.org/packages/2b/9f/fbade56564ad486809c27b322d0f7e6a89c01f6b4fe208402e90d4443a99/PyYAML-6.0.1-cp312-cp312-win_amd64.whl", hash = "sha256:0d3304d8c0adc42be59c5f8a4d9e3d7379e6955ad754aa9d6ab7a398b59dd1df", size = 138675 },
    { url = "https://files.pythonhosted.org/packages/7f/5d/2779ea035ba1e533c32ed4a249b4e0448f583ba10830b21a3cddafe11a4e/PyYAML-6.0.1-cp38-cp38-macosx_10_9_x86_64.whl", hash = "sha256:1d4c7e777c441b20e32f52bd377e0c409713e8bb1386e1099c2415f26e479595", size = 191734 },
    { url = "https://files.pythonhosted.org/packages/e1/a1/27bfac14b90adaaccf8c8289f441e9f76d94795ec1e7a8f134d9f2cb3d0b/PyYAML-6.0.1-cp38-cp38-manylinux_2_17_aarch64.manylinux2014_aarch64.whl", hash = "sha256:a0cd17c15d3bb3fa06978b4e8958dcdc6e0174ccea823003a106c7d4d7899ac5", size = 723767 },
    { url = "https://files.pythonhosted.org/packages/c1/39/47ed4d65beec9ce07267b014be85ed9c204fa373515355d3efa62d19d892/PyYAML-6.0.1-cp38-cp38-manylinux_2_17_s390x.manylinux2014_s390x.whl", hash = "sha256:28c119d996beec18c05208a8bd78cbe4007878c6dd15091efb73a30e90539696", size = 749067 },
    { url = "https://files.pythonhosted.org/packages/c8/6b/6600ac24725c7388255b2f5add93f91e58a5d7efaf4af244fdbcc11a541b/PyYAML-6.0.1-cp38-cp38-manylinux_2_17_x86_64.manylinux2014_x86_64.whl", hash = "sha256:7e07cbde391ba96ab58e532ff4803f79c4129397514e1413a7dc761ccd755735", size = 736569 },
    { url = "https://files.pythonhosted.org/packages/0d/46/62ae77677e532c0af6c81ddd6f3dbc16bdcc1208b077457354442d220bfb/PyYAML-6.0.1-cp38-cp38-musllinux_1_1_x86_64.whl", hash = "sha256:49a183be227561de579b4a36efbb21b3eab9651dd81b1858589f796549873dd6", size = 787738 },
    { url = "https://files.pythonhosted.org/packages/d6/6a/439d1a6f834b9a9db16332ce16c4a96dd0e3970b65fe08cbecd1711eeb77/PyYAML-6.0.1-cp38-cp38-win32.whl", hash = "sha256:184c5108a2aca3c5b3d3bf9395d50893a7ab82a38004c8f61c258d4428e80206", size = 139797 },
    { url = "https://files.pythonhosted.org/packages/29/0f/9782fa5b10152abf033aec56a601177ead85ee03b57781f2d9fced09eefc/PyYAML-6.0.1-cp38-cp38-win_amd64.whl", hash = "sha256:1e2722cc9fbb45d9b87631ac70924c11d3a401b2d7f410cc0e3bbf249f2dca62", size = 157350 },
    { url = "https://files.pythonhosted.org/packages/57/c5/5d09b66b41d549914802f482a2118d925d876dc2a35b2d127694c1345c34/PyYAML-6.0.1-cp39-cp39-macosx_10_9_x86_64.whl", hash = "sha256:9eb6caa9a297fc2c2fb8862bc5370d0303ddba53ba97e71f08023b6cd73d16a8", size = 197846 },
    { url = "https://files.pythonhosted.org/packages/0e/88/21b2f16cb2123c1e9375f2c93486e35fdc86e63f02e274f0e99c589ef153/PyYAML-6.0.1-cp39-cp39-macosx_11_0_arm64.whl", hash = "sha256:c8098ddcc2a85b61647b2590f825f3db38891662cfc2fc776415143f599bb859", size = 174396 },
    { url = "https://files.pythonhosted.org/packages/ac/6c/967d91a8edf98d2b2b01d149bd9e51b8f9fb527c98d80ebb60c6b21d60c4/PyYAML-6.0.1-cp39-cp39-manylinux_2_17_aarch64.manylinux2014_aarch64.whl", hash = "sha256:5773183b6446b2c99bb77e77595dd486303b4faab2b086e7b17bc6bef28865f6", size = 731824 },
    { url = "https://files.pythonhosted.org/packages/4a/4b/c71ef18ef83c82f99e6da8332910692af78ea32bd1d1d76c9787dfa36aea/PyYAML-6.0.1-cp39-cp39-manylinux_2_17_s390x.manylinux2014_s390x.whl", hash = "sha256:b786eecbdf8499b9ca1d697215862083bd6d2a99965554781d0d8d1ad31e13a0", size = 754777 },
    { url = "https://files.pythonhosted.org/packages/7d/39/472f2554a0f1e825bd7c5afc11c817cd7a2f3657460f7159f691fbb37c51/PyYAML-6.0.1-cp39-cp39-manylinux_2_17_x86_64.manylinux2014_x86_64.whl", hash = "sha256:bc1bf2925a1ecd43da378f4db9e4f799775d6367bdb94671027b73b393a7c42c", size = 738883 },
    { url = "https://files.pythonhosted.org/packages/40/da/a175a35cf5583580e90ac3e2a3dbca90e43011593ae62ce63f79d7b28d92/PyYAML-6.0.1-cp39-cp39-musllinux_1_1_x86_64.whl", hash = "sha256:04ac92ad1925b2cff1db0cfebffb6ffc43457495c9b3c39d3fcae417d7125dc5", size = 750294 },
    { url = "https://files.pythonhosted.org/packages/24/62/7fcc372442ec8ea331da18c24b13710e010c5073ab851ef36bf9dacb283f/PyYAML-6.0.1-cp39-cp39-win32.whl", hash = "sha256:faca3bdcf85b2fc05d06ff3fbc1f83e1391b3e724afa3feba7d13eeab355484c", size = 136936 },
    { url = "https://files.pythonhosted.org/packages/84/4d/82704d1ab9290b03da94e6425f5e87396b999fd7eb8e08f3a92c158402bf/PyYAML-6.0.1-cp39-cp39-win_amd64.whl", hash = "sha256:510c9deebc5c0225e8c96813043e62b680ba2f9c50a08d3724c7f28a747d1486", size = 152751 },
]

[[package]]
name = "sqlparse"
version = "0.5.0"
source = { registry = "https://pypi.org/simple" }
sdist = { url = "https://files.pythonhosted.org/packages/50/26/5da251cd090ccd580f5cfaa7d36cdd8b2471e49fffce60ed520afc27f4bc/sqlparse-0.5.0.tar.gz", hash = "sha256:714d0a4932c059d16189f58ef5411ec2287a4360f17cdd0edd2d09d4c5087c93", size = 83475 }
wheels = [
    { url = "https://files.pythonhosted.org/packages/43/5d/a0fdd88fd486b39ae1fd1a75ff75b4e29a0df96c0304d462fd407b82efe0/sqlparse-0.5.0-py3-none-any.whl", hash = "sha256:c204494cd97479d0e39f28c93d46c0b2d5959c7b9ab904762ea6c7af211c8663", size = 43971 },
]

[[package]]
name = "tomli"
version = "2.0.1"
source = { registry = "https://pypi.org/simple" }
sdist = { url = "https://files.pythonhosted.org/packages/c0/3f/d7af728f075fb08564c5949a9c95e44352e23dee646869fa104a3b2060a3/tomli-2.0.1.tar.gz", hash = "sha256:de526c12914f0c550d15924c62d72abc48d6fe7364aa87328337a31007fe8a4f", size = 15164 }
wheels = [
    { url = "https://files.pythonhosted.org/packages/97/75/10a9ebee3fd790d20926a90a2547f0bf78f371b2f13aa822c759680ca7b9/tomli-2.0.1-py3-none-any.whl", hash = "sha256:939de3e7a6161af0c887ef91b7d41a53e7c5a1ca976325f429cb46ea9bc30ecc", size = 12757 },
]

[[package]]
name = "typing-extensions"
version = "4.12.2"
source = { registry = "https://pypi.org/simple" }
sdist = { url = "https://files.pythonhosted.org/packages/df/db/f35a00659bc03fec321ba8bce9420de607a1d37f8342eee1863174c69557/typing_extensions-4.12.2.tar.gz", hash = "sha256:1a7ead55c7e559dd4dee8856e3a88b41225abfe1ce8df57b7c13915fe121ffb8", size = 85321 }
wheels = [
    { url = "https://files.pythonhosted.org/packages/26/9f/ad63fc0248c5379346306f8668cda6e2e2e9c95e01216d2b8ffd9ff037d0/typing_extensions-4.12.2-py3-none-any.whl", hash = "sha256:04e5ca0351e0f3f85c6853954072df659d0d13fac324d0072316b67d7794700d", size = 37438 },
]

[[package]]
name = "tzdata"
version = "2024.1"
source = { registry = "https://pypi.org/simple" }
sdist = { url = "https://files.pythonhosted.org/packages/74/5b/e025d02cb3b66b7b76093404392d4b44343c69101cc85f4d180dd5784717/tzdata-2024.1.tar.gz", hash = "sha256:2674120f8d891909751c38abcdfd386ac0a5a1127954fbc332af6b5ceae07efd", size = 190559 }
wheels = [
    { url = "https://files.pythonhosted.org/packages/65/58/f9c9e6be752e9fcb8b6a0ee9fb87e6e7a1f6bcab2cdc73f02bb7ba91ada0/tzdata-2024.1-py2.py3-none-any.whl", hash = "sha256:9068bc196136463f5245e51efda838afa15aaeca9903f49050dfa2679db4d252", size = 345370 },
]

[[package]]
name = "virtualenv"
version = "20.26.3"
source = { registry = "https://pypi.org/simple" }
dependencies = [
    { name = "distlib" },
    { name = "filelock" },
    { name = "platformdirs" },
]
sdist = { url = "https://files.pythonhosted.org/packages/68/60/db9f95e6ad456f1872486769c55628c7901fb4de5a72c2f7bdd912abf0c1/virtualenv-20.26.3.tar.gz", hash = "sha256:4c43a2a236279d9ea36a0d76f98d84bd6ca94ac4e0f4a3b9d46d05e10fea542a", size = 9057588 }
wheels = [
    { url = "https://files.pythonhosted.org/packages/07/4d/410156100224c5e2f0011d435e477b57aed9576fc7fe137abcf14ec16e11/virtualenv-20.26.3-py3-none-any.whl", hash = "sha256:8cc4a31139e796e9a7de2cd5cf2489de1217193116a8fd42328f1bd65f434589", size = 5684792 },
]
